// !$*UTF8*$!
{
	archiveVersion = 1;
	classes = {
	};
	objectVersion = 46;
	objects = {

/* Begin PBXBuildFile section */
		1F04B9A518025C2600FFEA7A /* JKVRestrictedObject.m in Sources */ = {isa = PBXBuildFile; fileRef = 1F04B9A418025C2600FFEA7A /* JKVRestrictedObject.m */; };
		1F04B9A618025C2600FFEA7A /* JKVRestrictedObject.m in Sources */ = {isa = PBXBuildFile; fileRef = 1F04B9A418025C2600FFEA7A /* JKVRestrictedObject.m */; };
		1F1E3FD418080D7400801509 /* JKVBasicValue.m in Sources */ = {isa = PBXBuildFile; fileRef = 1F1E3FD318080D7400801509 /* JKVBasicValue.m */; };
		1F1E3FD518080D7400801509 /* JKVBasicValue.m in Sources */ = {isa = PBXBuildFile; fileRef = 1F1E3FD318080D7400801509 /* JKVBasicValue.m */; };
		1F2CCA8517FCE3D700A382AB /* Foundation.framework in Frameworks */ = {isa = PBXBuildFile; fileRef = 1F2CCA8417FCE3D700A382AB /* Foundation.framework */; };
		1F2CCAB017FCE48E00A382AB /* Foundation.framework in Frameworks */ = {isa = PBXBuildFile; fileRef = 1F2CCA8417FCE3D700A382AB /* Foundation.framework */; };
		1F2CCAB217FCE48E00A382AB /* CoreGraphics.framework in Frameworks */ = {isa = PBXBuildFile; fileRef = 1F2CCAB117FCE48E00A382AB /* CoreGraphics.framework */; };
		1F2CCAB817FCE48E00A382AB /* InfoPlist.strings in Resources */ = {isa = PBXBuildFile; fileRef = 1F2CCAB617FCE48E00A382AB /* InfoPlist.strings */; };
		1F2CCABA17FCE48E00A382AB /* main.m in Sources */ = {isa = PBXBuildFile; fileRef = 1F2CCAB917FCE48E00A382AB /* main.m */; };
		1F2CCABE17FCE48F00A382AB /* Cedar-iOS.framework in Frameworks */ = {isa = PBXBuildFile; fileRef = 1F2CCABD17FCE48F00A382AB /* Cedar-iOS.framework */; };
		1F2CCAC617FCE4D800A382AB /* JKVMutableValueSpec.mm in Sources */ = {isa = PBXBuildFile; fileRef = 1F2CCAC517FCE4D800A382AB /* JKVMutableValueSpec.mm */; settings = {COMPILER_FLAGS = "-fno-objc-arc"; }; };
		1F2CCACA17FCE78700A382AB /* JKVMutableValue.m in Sources */ = {isa = PBXBuildFile; fileRef = 1F2CCAC917FCE78700A382AB /* JKVMutableValue.m */; };
		1F2CCACB17FCE78700A382AB /* JKVMutableValue.m in Sources */ = {isa = PBXBuildFile; fileRef = 1F2CCAC917FCE78700A382AB /* JKVMutableValue.m */; };
		1F2CCACF17FCFAA700A382AB /* JKVProperty.m in Sources */ = {isa = PBXBuildFile; fileRef = 1F2CCACE17FCFAA700A382AB /* JKVProperty.m */; };
		1F2CCAD017FCFAA700A382AB /* JKVProperty.m in Sources */ = {isa = PBXBuildFile; fileRef = 1F2CCACE17FCFAA700A382AB /* JKVProperty.m */; };
		1F2CCAD417FCFFD900A382AB /* JKVMutablePerson.m in Sources */ = {isa = PBXBuildFile; fileRef = 1F2CCAD317FCFFD900A382AB /* JKVMutablePerson.m */; };
		1F2CCAD717FD080F00A382AB /* JKVKeyedDecoderVisitor.m in Sources */ = {isa = PBXBuildFile; fileRef = 1F2CCAD617FD080F00A382AB /* JKVKeyedDecoderVisitor.m */; };
		1F2CCAD817FD080F00A382AB /* JKVKeyedDecoderVisitor.m in Sources */ = {isa = PBXBuildFile; fileRef = 1F2CCAD617FD080F00A382AB /* JKVKeyedDecoderVisitor.m */; };
		1F2CCADB17FD0A8100A382AB /* JKVKeyedEncoderVisitor.m in Sources */ = {isa = PBXBuildFile; fileRef = 1F2CCADA17FD0A8100A382AB /* JKVKeyedEncoderVisitor.m */; };
		1F2CCADC17FD0A8100A382AB /* JKVKeyedEncoderVisitor.m in Sources */ = {isa = PBXBuildFile; fileRef = 1F2CCADA17FD0A8100A382AB /* JKVKeyedEncoderVisitor.m */; };
		1F2CCADF17FD0C4400A382AB /* JKVClassInspector.m in Sources */ = {isa = PBXBuildFile; fileRef = 1F2CCADE17FD0C4400A382AB /* JKVClassInspector.m */; };
		1F2CCAE017FD0C4400A382AB /* JKVClassInspector.m in Sources */ = {isa = PBXBuildFile; fileRef = 1F2CCADE17FD0C4400A382AB /* JKVClassInspector.m */; };
		1F2CCAE317FD10F600A382AB /* JKVPerson.m in Sources */ = {isa = PBXBuildFile; fileRef = 1F2CCAE217FD10F600A382AB /* JKVPerson.m */; };
		1F2CCAE517FD112100A382AB /* JKVValueSpec.mm in Sources */ = {isa = PBXBuildFile; fileRef = 1F2CCAE417FD112100A382AB /* JKVValueSpec.mm */; settings = {COMPILER_FLAGS = "-fno-objc-arc"; }; };
		1F2CCAE817FD11ED00A382AB /* JKVValue.m in Sources */ = {isa = PBXBuildFile; fileRef = 1F2CCAE717FD11ED00A382AB /* JKVValue.m */; };
		1F2CCAE917FD11ED00A382AB /* JKVValue.m in Sources */ = {isa = PBXBuildFile; fileRef = 1F2CCAE717FD11ED00A382AB /* JKVValue.m */; };
		1F2CCAEC17FD180500A382AB /* JKVTypeContainer.m in Sources */ = {isa = PBXBuildFile; fileRef = 1F2CCAEB17FD180500A382AB /* JKVTypeContainer.m */; };
		1F3FCE771801B8E400A929F5 /* JKVCollections.m in Sources */ = {isa = PBXBuildFile; fileRef = 1F3FCE761801B8E400A929F5 /* JKVCollections.m */; };
		1F3FCE781801B8E400A929F5 /* JKVCollections.m in Sources */ = {isa = PBXBuildFile; fileRef = 1F3FCE761801B8E400A929F5 /* JKVCollections.m */; };
		1F3FCE7B1801B91E00A929F5 /* JKVMutableCollections.m in Sources */ = {isa = PBXBuildFile; fileRef = 1F3FCE7A1801B91E00A929F5 /* JKVMutableCollections.m */; };
		1F3FCE7C1801B91E00A929F5 /* JKVMutableCollections.m in Sources */ = {isa = PBXBuildFile; fileRef = 1F3FCE7A1801B91E00A929F5 /* JKVMutableCollections.m */; };
		1F43229017FE2C94001293C1 /* Foundation.framework in Frameworks */ = {isa = PBXBuildFile; fileRef = 1F2CCA8417FCE3D700A382AB /* Foundation.framework */; };
		1F43229617FE2C94001293C1 /* Cedar.framework in Frameworks */ = {isa = PBXBuildFile; fileRef = 1F43229517FE2C94001293C1 /* Cedar.framework */; };
		1F43229817FE2C94001293C1 /* main.m in Sources */ = {isa = PBXBuildFile; fileRef = 1F43229717FE2C94001293C1 /* main.m */; };
		1F43229E17FE2CB4001293C1 /* JKVPerson.m in Sources */ = {isa = PBXBuildFile; fileRef = 1F2CCAE217FD10F600A382AB /* JKVPerson.m */; };
		1F43229F17FE2CB6001293C1 /* JKVMutablePerson.m in Sources */ = {isa = PBXBuildFile; fileRef = 1F2CCAD317FCFFD900A382AB /* JKVMutablePerson.m */; };
		1F4322A017FE2CBA001293C1 /* JKVMutableValueSpec.mm in Sources */ = {isa = PBXBuildFile; fileRef = 1F2CCAC517FCE4D800A382AB /* JKVMutableValueSpec.mm */; settings = {COMPILER_FLAGS = "-fno-objc-arc"; }; };
		1F4322A117FE2CBD001293C1 /* JKVValueSpec.mm in Sources */ = {isa = PBXBuildFile; fileRef = 1F2CCAE417FD112100A382AB /* JKVValueSpec.mm */; settings = {COMPILER_FLAGS = "-fno-objc-arc"; }; };
		1F4322A217FE2DE0001293C1 /* JKVProperty.m in Sources */ = {isa = PBXBuildFile; fileRef = 1F2CCACE17FCFAA700A382AB /* JKVProperty.m */; };
		1F4322A317FE2DE0001293C1 /* JKVKeyedDecoderVisitor.m in Sources */ = {isa = PBXBuildFile; fileRef = 1F2CCAD617FD080F00A382AB /* JKVKeyedDecoderVisitor.m */; };
		1F4322A417FE2DE0001293C1 /* JKVKeyedEncoderVisitor.m in Sources */ = {isa = PBXBuildFile; fileRef = 1F2CCADA17FD0A8100A382AB /* JKVKeyedEncoderVisitor.m */; };
		1F4322A517FE2DE0001293C1 /* JKVClassInspector.m in Sources */ = {isa = PBXBuildFile; fileRef = 1F2CCADE17FD0C4400A382AB /* JKVClassInspector.m */; };
		1F4322A617FE2DE0001293C1 /* JKVMutableValue.m in Sources */ = {isa = PBXBuildFile; fileRef = 1F2CCAC917FCE78700A382AB /* JKVMutableValue.m */; };
		1F4322A717FE2DE0001293C1 /* JKVValue.m in Sources */ = {isa = PBXBuildFile; fileRef = 1F2CCAE717FD11ED00A382AB /* JKVValue.m */; };
		1F4322A917FE2DFD001293C1 /* CoreGraphics.framework in Frameworks */ = {isa = PBXBuildFile; fileRef = 1F4322A817FE2DFD001293C1 /* CoreGraphics.framework */; };
		1F498DAF17FE3F34000CEA03 /* JKVTypeContainer.m in Sources */ = {isa = PBXBuildFile; fileRef = 1F2CCAEB17FD180500A382AB /* JKVTypeContainer.m */; };
		1F498DB117FE4808000CEA03 /* Default-568h@2x.png in Resources */ = {isa = PBXBuildFile; fileRef = 1F498DB017FE4808000CEA03 /* Default-568h@2x.png */; };
		1FB745D317FE5FFC00572B60 /* UIKit.framework in Frameworks */ = {isa = PBXBuildFile; fileRef = 1FB745D217FE5FFC00572B60 /* UIKit.framework */; };
		1FB745D417FE630500572B60 /* UIKit.framework in Frameworks */ = {isa = PBXBuildFile; fileRef = 1FB745D217FE5FFC00572B60 /* UIKit.framework */; };
		1FB745D517FE631300572B60 /* CoreGraphics.framework in Frameworks */ = {isa = PBXBuildFile; fileRef = 1F2CCAB117FCE48E00A382AB /* CoreGraphics.framework */; };
/* End PBXBuildFile section */

/* Begin PBXCopyFilesBuildPhase section */
		1F2CCA7F17FCE3D700A382AB /* CopyFiles */ = {
			isa = PBXCopyFilesBuildPhase;
			buildActionMask = 2147483647;
			dstPath = "include/$(PRODUCT_NAME)";
			dstSubfolderSpec = 16;
			files = (
			);
			runOnlyForDeploymentPostprocessing = 0;
		};
/* End PBXCopyFilesBuildPhase section */

/* Begin PBXFileReference section */
		1F04B9A318025C2600FFEA7A /* JKVRestrictedObject.h */ = {isa = PBXFileReference; fileEncoding = 4; lastKnownFileType = sourcecode.c.h; path = JKVRestrictedObject.h; sourceTree = "<group>"; };
		1F04B9A418025C2600FFEA7A /* JKVRestrictedObject.m */ = {isa = PBXFileReference; fileEncoding = 4; lastKnownFileType = sourcecode.c.objc; path = JKVRestrictedObject.m; sourceTree = "<group>"; };
		1F1E3FD218080D7400801509 /* JKVBasicValue.h */ = {isa = PBXFileReference; fileEncoding = 4; lastKnownFileType = sourcecode.c.h; path = JKVBasicValue.h; sourceTree = "<group>"; };
		1F1E3FD318080D7400801509 /* JKVBasicValue.m */ = {isa = PBXFileReference; fileEncoding = 4; lastKnownFileType = sourcecode.c.objc; path = JKVBasicValue.m; sourceTree = "<group>"; };
		1F2CCA8117FCE3D700A382AB /* libJKVValue.a */ = {isa = PBXFileReference; explicitFileType = archive.ar; includeInIndex = 0; path = libJKVValue.a; sourceTree = BUILT_PRODUCTS_DIR; };
		1F2CCA8417FCE3D700A382AB /* Foundation.framework */ = {isa = PBXFileReference; lastKnownFileType = wrapper.framework; name = Foundation.framework; path = System/Library/Frameworks/Foundation.framework; sourceTree = SDKROOT; };
		1F2CCA8817FCE3D700A382AB /* JKVValue-Prefix.pch */ = {isa = PBXFileReference; lastKnownFileType = sourcecode.c.h; path = "JKVValue-Prefix.pch"; sourceTree = "<group>"; };
		1F2CCA9217FCE3D700A382AB /* XCTest.framework */ = {isa = PBXFileReference; lastKnownFileType = wrapper.framework; name = XCTest.framework; path = Library/Frameworks/XCTest.framework; sourceTree = DEVELOPER_DIR; };
		1F2CCA9517FCE3D700A382AB /* UIKit.framework */ = {isa = PBXFileReference; lastKnownFileType = wrapper.framework; name = UIKit.framework; path = Library/Frameworks/UIKit.framework; sourceTree = DEVELOPER_DIR; };
		1F2CCAAE17FCE48E00A382AB /* Specs.app */ = {isa = PBXFileReference; explicitFileType = wrapper.application; includeInIndex = 0; path = Specs.app; sourceTree = BUILT_PRODUCTS_DIR; };
		1F2CCAB117FCE48E00A382AB /* CoreGraphics.framework */ = {isa = PBXFileReference; lastKnownFileType = wrapper.framework; name = CoreGraphics.framework; path = System/Library/Frameworks/CoreGraphics.framework; sourceTree = SDKROOT; };
		1F2CCAB517FCE48E00A382AB /* Specs-Info.plist */ = {isa = PBXFileReference; lastKnownFileType = text.plist.xml; path = "Specs-Info.plist"; sourceTree = "<group>"; };
		1F2CCAB717FCE48E00A382AB /* en */ = {isa = PBXFileReference; lastKnownFileType = text.plist.strings; name = en; path = en.lproj/InfoPlist.strings; sourceTree = "<group>"; };
		1F2CCAB917FCE48E00A382AB /* main.m */ = {isa = PBXFileReference; lastKnownFileType = sourcecode.c.objc; path = main.m; sourceTree = "<group>"; };
		1F2CCABB17FCE48E00A382AB /* Specs-Prefix.pch */ = {isa = PBXFileReference; lastKnownFileType = sourcecode.c.h; path = "Specs-Prefix.pch"; sourceTree = "<group>"; };
		1F2CCABD17FCE48F00A382AB /* Cedar-iOS.framework */ = {isa = PBXFileReference; lastKnownFileType = wrapper.framework; name = "Cedar-iOS.framework"; path = "Frameworks/Cedar-iOS.framework"; sourceTree = "<group>"; };
		1F2CCAC517FCE4D800A382AB /* JKVMutableValueSpec.mm */ = {isa = PBXFileReference; fileEncoding = 4; lastKnownFileType = sourcecode.cpp.objcpp; path = JKVMutableValueSpec.mm; sourceTree = "<group>"; };
		1F2CCAC817FCE78700A382AB /* JKVMutableValue.h */ = {isa = PBXFileReference; fileEncoding = 4; lastKnownFileType = sourcecode.c.h; path = JKVMutableValue.h; sourceTree = "<group>"; };
		1F2CCAC917FCE78700A382AB /* JKVMutableValue.m */ = {isa = PBXFileReference; fileEncoding = 4; lastKnownFileType = sourcecode.c.objc; path = JKVMutableValue.m; sourceTree = "<group>"; };
		1F2CCACD17FCFAA700A382AB /* JKVProperty.h */ = {isa = PBXFileReference; fileEncoding = 4; lastKnownFileType = sourcecode.c.h; path = JKVProperty.h; sourceTree = "<group>"; };
		1F2CCACE17FCFAA700A382AB /* JKVProperty.m */ = {isa = PBXFileReference; fileEncoding = 4; lastKnownFileType = sourcecode.c.objc; path = JKVProperty.m; sourceTree = "<group>"; };
		1F2CCAD217FCFFD900A382AB /* JKVMutablePerson.h */ = {isa = PBXFileReference; fileEncoding = 4; lastKnownFileType = sourcecode.c.h; path = JKVMutablePerson.h; sourceTree = "<group>"; };
		1F2CCAD317FCFFD900A382AB /* JKVMutablePerson.m */ = {isa = PBXFileReference; fileEncoding = 4; lastKnownFileType = sourcecode.c.objc; path = JKVMutablePerson.m; sourceTree = "<group>"; };
		1F2CCAD517FD080F00A382AB /* JKVKeyedDecoderVisitor.h */ = {isa = PBXFileReference; fileEncoding = 4; lastKnownFileType = sourcecode.c.h; path = JKVKeyedDecoderVisitor.h; sourceTree = "<group>"; };
		1F2CCAD617FD080F00A382AB /* JKVKeyedDecoderVisitor.m */ = {isa = PBXFileReference; fileEncoding = 4; lastKnownFileType = sourcecode.c.objc; path = JKVKeyedDecoderVisitor.m; sourceTree = "<group>"; };
		1F2CCAD917FD0A8100A382AB /* JKVKeyedEncoderVisitor.h */ = {isa = PBXFileReference; fileEncoding = 4; lastKnownFileType = sourcecode.c.h; path = JKVKeyedEncoderVisitor.h; sourceTree = "<group>"; };
		1F2CCADA17FD0A8100A382AB /* JKVKeyedEncoderVisitor.m */ = {isa = PBXFileReference; fileEncoding = 4; lastKnownFileType = sourcecode.c.objc; path = JKVKeyedEncoderVisitor.m; sourceTree = "<group>"; };
		1F2CCADD17FD0C4400A382AB /* JKVClassInspector.h */ = {isa = PBXFileReference; fileEncoding = 4; lastKnownFileType = sourcecode.c.h; path = JKVClassInspector.h; sourceTree = "<group>"; };
		1F2CCADE17FD0C4400A382AB /* JKVClassInspector.m */ = {isa = PBXFileReference; fileEncoding = 4; lastKnownFileType = sourcecode.c.objc; path = JKVClassInspector.m; sourceTree = "<group>"; };
		1F2CCAE117FD10F600A382AB /* JKVPerson.h */ = {isa = PBXFileReference; fileEncoding = 4; lastKnownFileType = sourcecode.c.h; path = JKVPerson.h; sourceTree = "<group>"; };
		1F2CCAE217FD10F600A382AB /* JKVPerson.m */ = {isa = PBXFileReference; fileEncoding = 4; lastKnownFileType = sourcecode.c.objc; path = JKVPerson.m; sourceTree = "<group>"; };
		1F2CCAE417FD112100A382AB /* JKVValueSpec.mm */ = {isa = PBXFileReference; fileEncoding = 4; lastKnownFileType = sourcecode.cpp.objcpp; path = JKVValueSpec.mm; sourceTree = "<group>"; };
		1F2CCAE617FD11ED00A382AB /* JKVValue.h */ = {isa = PBXFileReference; fileEncoding = 4; lastKnownFileType = sourcecode.c.h; path = JKVValue.h; sourceTree = "<group>"; };
		1F2CCAE717FD11ED00A382AB /* JKVValue.m */ = {isa = PBXFileReference; fileEncoding = 4; lastKnownFileType = sourcecode.c.objc; path = JKVValue.m; sourceTree = "<group>"; };
		1F2CCAEA17FD180500A382AB /* JKVTypeContainer.h */ = {isa = PBXFileReference; fileEncoding = 4; lastKnownFileType = sourcecode.c.h; path = JKVTypeContainer.h; sourceTree = "<group>"; };
		1F2CCAEB17FD180500A382AB /* JKVTypeContainer.m */ = {isa = PBXFileReference; fileEncoding = 4; lastKnownFileType = sourcecode.c.objc; path = JKVTypeContainer.m; sourceTree = "<group>"; };
		1F3FCE751801B8E400A929F5 /* JKVCollections.h */ = {isa = PBXFileReference; fileEncoding = 4; lastKnownFileType = sourcecode.c.h; path = JKVCollections.h; sourceTree = "<group>"; };
		1F3FCE761801B8E400A929F5 /* JKVCollections.m */ = {isa = PBXFileReference; fileEncoding = 4; lastKnownFileType = sourcecode.c.objc; path = JKVCollections.m; sourceTree = "<group>"; };
		1F3FCE791801B91E00A929F5 /* JKVMutableCollections.h */ = {isa = PBXFileReference; fileEncoding = 4; lastKnownFileType = sourcecode.c.h; path = JKVMutableCollections.h; sourceTree = "<group>"; };
		1F3FCE7A1801B91E00A929F5 /* JKVMutableCollections.m */ = {isa = PBXFileReference; fileEncoding = 4; lastKnownFileType = sourcecode.c.objc; path = JKVMutableCollections.m; sourceTree = "<group>"; };
		1F43228F17FE2C94001293C1 /* OSXSpecs */ = {isa = PBXFileReference; explicitFileType = "compiled.mach-o.executable"; includeInIndex = 0; path = OSXSpecs; sourceTree = BUILT_PRODUCTS_DIR; };
		1F43229417FE2C94001293C1 /* OSXSpecs-Prefix.pch */ = {isa = PBXFileReference; lastKnownFileType = sourcecode.c.h; path = "OSXSpecs-Prefix.pch"; sourceTree = "<group>"; };
		1F43229517FE2C94001293C1 /* Cedar.framework */ = {isa = PBXFileReference; lastKnownFileType = wrapper.framework; name = Cedar.framework; path = Frameworks/Cedar.framework; sourceTree = "<group>"; };
		1F43229717FE2C94001293C1 /* main.m */ = {isa = PBXFileReference; lastKnownFileType = sourcecode.c.objc; path = main.m; sourceTree = "<group>"; };
		1F4322A817FE2DFD001293C1 /* CoreGraphics.framework */ = {isa = PBXFileReference; lastKnownFileType = wrapper.framework; name = CoreGraphics.framework; path = Platforms/MacOSX.platform/Developer/SDKs/MacOSX10.8.sdk/System/Library/Frameworks/CoreGraphics.framework; sourceTree = DEVELOPER_DIR; };
		1F498DB017FE4808000CEA03 /* Default-568h@2x.png */ = {isa = PBXFileReference; lastKnownFileType = image.png; path = "Default-568h@2x.png"; sourceTree = "<group>"; };
		1FB745D217FE5FFC00572B60 /* UIKit.framework */ = {isa = PBXFileReference; lastKnownFileType = wrapper.framework; name = UIKit.framework; path = System/Library/Frameworks/UIKit.framework; sourceTree = SDKROOT; };
/* End PBXFileReference section */

/* Begin PBXFrameworksBuildPhase section */
		1F2CCA7E17FCE3D700A382AB /* Frameworks */ = {
			isa = PBXFrameworksBuildPhase;
			buildActionMask = 2147483647;
			files = (
				1FB745D517FE631300572B60 /* CoreGraphics.framework in Frameworks */,
				1FB745D417FE630500572B60 /* UIKit.framework in Frameworks */,
				1F2CCA8517FCE3D700A382AB /* Foundation.framework in Frameworks */,
			);
			runOnlyForDeploymentPostprocessing = 0;
		};
		1F2CCAAB17FCE48E00A382AB /* Frameworks */ = {
			isa = PBXFrameworksBuildPhase;
			buildActionMask = 2147483647;
			files = (
				1FB745D317FE5FFC00572B60 /* UIKit.framework in Frameworks */,
				1F2CCAB217FCE48E00A382AB /* CoreGraphics.framework in Frameworks */,
				1F2CCABE17FCE48F00A382AB /* Cedar-iOS.framework in Frameworks */,
				1F2CCAB017FCE48E00A382AB /* Foundation.framework in Frameworks */,
			);
			runOnlyForDeploymentPostprocessing = 0;
		};
		1F43228D17FE2C94001293C1 /* Frameworks */ = {
			isa = PBXFrameworksBuildPhase;
			buildActionMask = 2147483647;
			files = (
				1F4322A917FE2DFD001293C1 /* CoreGraphics.framework in Frameworks */,
				1F43229617FE2C94001293C1 /* Cedar.framework in Frameworks */,
				1F43229017FE2C94001293C1 /* Foundation.framework in Frameworks */,
			);
			runOnlyForDeploymentPostprocessing = 0;
		};
/* End PBXFrameworksBuildPhase section */

/* Begin PBXGroup section */
		1F2CCA7817FCE3D700A382AB = {
			isa = PBXGroup;
			children = (
				1F498DB017FE4808000CEA03 /* Default-568h@2x.png */,
				1F2CCA8617FCE3D700A382AB /* JKVValue */,
				1F2CCAB317FCE48E00A382AB /* Specs */,
				1F43229117FE2C94001293C1 /* OSXSpecs */,
				1F2CCA8317FCE3D700A382AB /* Frameworks */,
				1F2CCA8217FCE3D700A382AB /* Products */,
			);
			sourceTree = "<group>";
		};
		1F2CCA8217FCE3D700A382AB /* Products */ = {
			isa = PBXGroup;
			children = (
				1F2CCA8117FCE3D700A382AB /* libJKVValue.a */,
				1F2CCAAE17FCE48E00A382AB /* Specs.app */,
				1F43228F17FE2C94001293C1 /* OSXSpecs */,
			);
			name = Products;
			sourceTree = "<group>";
		};
		1F2CCA8317FCE3D700A382AB /* Frameworks */ = {
			isa = PBXGroup;
			children = (
				1FB745D217FE5FFC00572B60 /* UIKit.framework */,
				1F4322A817FE2DFD001293C1 /* CoreGraphics.framework */,
				1F2CCA8417FCE3D700A382AB /* Foundation.framework */,
				1F2CCA9217FCE3D700A382AB /* XCTest.framework */,
				1F2CCA9517FCE3D700A382AB /* UIKit.framework */,
				1F2CCAB117FCE48E00A382AB /* CoreGraphics.framework */,
			);
			name = Frameworks;
			sourceTree = "<group>";
		};
		1F2CCA8617FCE3D700A382AB /* JKVValue */ = {
			isa = PBXGroup;
			children = (
				1F2CCACC17FCFA8C00A382AB /* Private */,
				1F2CCAC717FCE76E00A382AB /* Public */,
				1F2CCA8717FCE3D700A382AB /* Supporting Files */,
			);
			path = JKVValue;
			sourceTree = "<group>";
		};
		1F2CCA8717FCE3D700A382AB /* Supporting Files */ = {
			isa = PBXGroup;
			children = (
				1F2CCA8817FCE3D700A382AB /* JKVValue-Prefix.pch */,
			);
			name = "Supporting Files";
			sourceTree = "<group>";
		};
		1F2CCAB317FCE48E00A382AB /* Specs */ = {
			isa = PBXGroup;
			children = (
				1F2CCAD117FCFFBF00A382AB /* Helpers */,
				1F2CCAC417FCE4BE00A382AB /* Public */,
				1F2CCABD17FCE48F00A382AB /* Cedar-iOS.framework */,
				1F2CCAB417FCE48E00A382AB /* Supporting Files */,
			);
			path = Specs;
			sourceTree = "<group>";
		};
		1F2CCAB417FCE48E00A382AB /* Supporting Files */ = {
			isa = PBXGroup;
			children = (
				1F2CCAB517FCE48E00A382AB /* Specs-Info.plist */,
				1F2CCAB617FCE48E00A382AB /* InfoPlist.strings */,
				1F2CCAB917FCE48E00A382AB /* main.m */,
				1F2CCABB17FCE48E00A382AB /* Specs-Prefix.pch */,
			);
			name = "Supporting Files";
			sourceTree = "<group>";
		};
		1F2CCAC417FCE4BE00A382AB /* Public */ = {
			isa = PBXGroup;
			children = (
				1F2CCAC517FCE4D800A382AB /* JKVMutableValueSpec.mm */,
				1F2CCAE417FD112100A382AB /* JKVValueSpec.mm */,
			);
			path = Public;
			sourceTree = "<group>";
		};
		1F2CCAC717FCE76E00A382AB /* Public */ = {
			isa = PBXGroup;
			children = (
				1F2CCAC817FCE78700A382AB /* JKVMutableValue.h */,
				1F2CCAC917FCE78700A382AB /* JKVMutableValue.m */,
				1F2CCAE617FD11ED00A382AB /* JKVValue.h */,
				1F2CCAE717FD11ED00A382AB /* JKVValue.m */,
			);
			path = Public;
			sourceTree = "<group>";
		};
		1F2CCACC17FCFA8C00A382AB /* Private */ = {
			isa = PBXGroup;
			children = (
				1F2CCACD17FCFAA700A382AB /* JKVProperty.h */,
				1F2CCACE17FCFAA700A382AB /* JKVProperty.m */,
				1F2CCAD517FD080F00A382AB /* JKVKeyedDecoderVisitor.h */,
				1F2CCAD617FD080F00A382AB /* JKVKeyedDecoderVisitor.m */,
				1F2CCAD917FD0A8100A382AB /* JKVKeyedEncoderVisitor.h */,
				1F2CCADA17FD0A8100A382AB /* JKVKeyedEncoderVisitor.m */,
				1F2CCADD17FD0C4400A382AB /* JKVClassInspector.h */,
				1F2CCADE17FD0C4400A382AB /* JKVClassInspector.m */,
			);
			path = Private;
			sourceTree = "<group>";
		};
		1F2CCAD117FCFFBF00A382AB /* Helpers */ = {
			isa = PBXGroup;
			children = (
				1F2CCAD217FCFFD900A382AB /* JKVMutablePerson.h */,
				1F2CCAD317FCFFD900A382AB /* JKVMutablePerson.m */,
				1F2CCAE117FD10F600A382AB /* JKVPerson.h */,
				1F2CCAE217FD10F600A382AB /* JKVPerson.m */,
				1F2CCAEA17FD180500A382AB /* JKVTypeContainer.h */,
				1F2CCAEB17FD180500A382AB /* JKVTypeContainer.m */,
				1F3FCE751801B8E400A929F5 /* JKVCollections.h */,
				1F3FCE761801B8E400A929F5 /* JKVCollections.m */,
				1F3FCE791801B91E00A929F5 /* JKVMutableCollections.h */,
				1F3FCE7A1801B91E00A929F5 /* JKVMutableCollections.m */,
				1F04B9A318025C2600FFEA7A /* JKVRestrictedObject.h */,
				1F04B9A418025C2600FFEA7A /* JKVRestrictedObject.m */,
				1F1E3FD218080D7400801509 /* JKVBasicValue.h */,
				1F1E3FD318080D7400801509 /* JKVBasicValue.m */,
			);
			path = Helpers;
			sourceTree = "<group>";
		};
		1F43229117FE2C94001293C1 /* OSXSpecs */ = {
			isa = PBXGroup;
			children = (
				1F43229517FE2C94001293C1 /* Cedar.framework */,
				1F43229717FE2C94001293C1 /* main.m */,
				1F43229317FE2C94001293C1 /* Supporting Files */,
			);
			path = OSXSpecs;
			sourceTree = "<group>";
		};
		1F43229317FE2C94001293C1 /* Supporting Files */ = {
			isa = PBXGroup;
			children = (
				1F43229417FE2C94001293C1 /* OSXSpecs-Prefix.pch */,
			);
			name = "Supporting Files";
			sourceTree = "<group>";
		};
/* End PBXGroup section */

/* Begin PBXNativeTarget section */
		1F2CCA8017FCE3D700A382AB /* JKVValue */ = {
			isa = PBXNativeTarget;
			buildConfigurationList = 1F2CCAA417FCE3D700A382AB /* Build configuration list for PBXNativeTarget "JKVValue" */;
			buildPhases = (
				1F2CCA7D17FCE3D700A382AB /* Sources */,
				1F2CCA7E17FCE3D700A382AB /* Frameworks */,
				1F2CCA7F17FCE3D700A382AB /* CopyFiles */,
			);
			buildRules = (
			);
			dependencies = (
			);
			name = JKVValue;
			productName = JKValue;
			productReference = 1F2CCA8117FCE3D700A382AB /* libJKVValue.a */;
			productType = "com.apple.product-type.library.static";
		};
		1F2CCAAD17FCE48E00A382AB /* Specs */ = {
			isa = PBXNativeTarget;
			buildConfigurationList = 1F2CCAC117FCE48F00A382AB /* Build configuration list for PBXNativeTarget "Specs" */;
			buildPhases = (
				1F2CCAAA17FCE48E00A382AB /* Sources */,
				1F2CCAAB17FCE48E00A382AB /* Frameworks */,
				1F2CCAAC17FCE48E00A382AB /* Resources */,
			);
			buildRules = (
			);
			dependencies = (
			);
			name = Specs;
			productName = Specs;
			productReference = 1F2CCAAE17FCE48E00A382AB /* Specs.app */;
			productType = "com.apple.product-type.application";
		};
		1F43228E17FE2C94001293C1 /* OSXSpecs */ = {
			isa = PBXNativeTarget;
			buildConfigurationList = 1F43229D17FE2C94001293C1 /* Build configuration list for PBXNativeTarget "OSXSpecs" */;
			buildPhases = (
				1F43228B17FE2C94001293C1 /* ShellScript */,
				1F43228C17FE2C94001293C1 /* Sources */,
				1F43228D17FE2C94001293C1 /* Frameworks */,
			);
			buildRules = (
			);
			dependencies = (
			);
			name = OSXSpecs;
			productName = OSXSpecs;
			productReference = 1F43228F17FE2C94001293C1 /* OSXSpecs */;
			productType = "com.apple.product-type.tool";
		};
/* End PBXNativeTarget section */

/* Begin PBXProject section */
		1F2CCA7917FCE3D700A382AB /* Project object */ = {
			isa = PBXProject;
			attributes = {
				LastUpgradeCheck = 0500;
				ORGANIZATIONNAME = "Jeff Hui";
			};
			buildConfigurationList = 1F2CCA7C17FCE3D700A382AB /* Build configuration list for PBXProject "JKVValue" */;
			compatibilityVersion = "Xcode 3.2";
			developmentRegion = English;
			hasScannedForEncodings = 0;
			knownRegions = (
				en,
			);
			mainGroup = 1F2CCA7817FCE3D700A382AB;
			productRefGroup = 1F2CCA8217FCE3D700A382AB /* Products */;
			projectDirPath = "";
			projectRoot = "";
			targets = (
				1F2CCA8017FCE3D700A382AB /* JKVValue */,
				1F2CCAAD17FCE48E00A382AB /* Specs */,
				1F43228E17FE2C94001293C1 /* OSXSpecs */,
			);
		};
/* End PBXProject section */

/* Begin PBXResourcesBuildPhase section */
		1F2CCAAC17FCE48E00A382AB /* Resources */ = {
			isa = PBXResourcesBuildPhase;
			buildActionMask = 2147483647;
			files = (
				1F2CCAB817FCE48E00A382AB /* InfoPlist.strings in Resources */,
				1F498DB117FE4808000CEA03 /* Default-568h@2x.png in Resources */,
			);
			runOnlyForDeploymentPostprocessing = 0;
		};
/* End PBXResourcesBuildPhase section */

/* Begin PBXShellScriptBuildPhase section */
		1F43228B17FE2C94001293C1 /* ShellScript */ = {
			isa = PBXShellScriptBuildPhase;
			buildActionMask = 2147483647;
			files = (
			);
			inputPaths = (
			);
			outputPaths = (
			);
			runOnlyForDeploymentPostprocessing = 0;
			shellPath = /bin/sh;
			shellScript = "cp -R \"${TARGET_NAME}\"/Frameworks/Cedar.framework \"${BUILT_PRODUCTS_DIR}\"";
		};
/* End PBXShellScriptBuildPhase section */

/* Begin PBXSourcesBuildPhase section */
		1F2CCA7D17FCE3D700A382AB /* Sources */ = {
			isa = PBXSourcesBuildPhase;
			buildActionMask = 2147483647;
			files = (
				1F2CCAD717FD080F00A382AB /* JKVKeyedDecoderVisitor.m in Sources */,
				1F2CCAE817FD11ED00A382AB /* JKVValue.m in Sources */,
				1F2CCADB17FD0A8100A382AB /* JKVKeyedEncoderVisitor.m in Sources */,
				1F2CCACA17FCE78700A382AB /* JKVMutableValue.m in Sources */,
				1F2CCACF17FCFAA700A382AB /* JKVProperty.m in Sources */,
				1F2CCADF17FD0C4400A382AB /* JKVClassInspector.m in Sources */,
			);
			runOnlyForDeploymentPostprocessing = 0;
		};
		1F2CCAAA17FCE48E00A382AB /* Sources */ = {
			isa = PBXSourcesBuildPhase;
			buildActionMask = 2147483647;
			files = (
				1F3FCE7B1801B91E00A929F5 /* JKVMutableCollections.m in Sources */,
				1F2CCADC17FD0A8100A382AB /* JKVKeyedEncoderVisitor.m in Sources */,
				1F2CCAEC17FD180500A382AB /* JKVTypeContainer.m in Sources */,
				1F2CCABA17FCE48E00A382AB /* main.m in Sources */,
				1F1E3FD418080D7400801509 /* JKVBasicValue.m in Sources */,
				1F2CCAE517FD112100A382AB /* JKVValueSpec.mm in Sources */,
				1F2CCAD017FCFAA700A382AB /* JKVProperty.m in Sources */,
				1F2CCAD417FCFFD900A382AB /* JKVMutablePerson.m in Sources */,
				1F04B9A518025C2600FFEA7A /* JKVRestrictedObject.m in Sources */,
				1F2CCAE017FD0C4400A382AB /* JKVClassInspector.m in Sources */,
				1F3FCE771801B8E400A929F5 /* JKVCollections.m in Sources */,
				1F2CCAD817FD080F00A382AB /* JKVKeyedDecoderVisitor.m in Sources */,
				1F2CCAC617FCE4D800A382AB /* JKVMutableValueSpec.mm in Sources */,
				1F2CCAE317FD10F600A382AB /* JKVPerson.m in Sources */,
				1F2CCAE917FD11ED00A382AB /* JKVValue.m in Sources */,
				1F2CCACB17FCE78700A382AB /* JKVMutableValue.m in Sources */,
			);
			runOnlyForDeploymentPostprocessing = 0;
		};
		1F43228C17FE2C94001293C1 /* Sources */ = {
			isa = PBXSourcesBuildPhase;
			buildActionMask = 2147483647;
			files = (
				1F3FCE7C1801B91E00A929F5 /* JKVMutableCollections.m in Sources */,
				1F4322A217FE2DE0001293C1 /* JKVProperty.m in Sources */,
				1F498DAF17FE3F34000CEA03 /* JKVTypeContainer.m in Sources */,
				1F4322A317FE2DE0001293C1 /* JKVKeyedDecoderVisitor.m in Sources */,
				1F1E3FD518080D7400801509 /* JKVBasicValue.m in Sources */,
				1F4322A417FE2DE0001293C1 /* JKVKeyedEncoderVisitor.m in Sources */,
				1F4322A517FE2DE0001293C1 /* JKVClassInspector.m in Sources */,
				1F4322A617FE2DE0001293C1 /* JKVMutableValue.m in Sources */,
				1F04B9A618025C2600FFEA7A /* JKVRestrictedObject.m in Sources */,
				1F4322A717FE2DE0001293C1 /* JKVValue.m in Sources */,
				1F3FCE781801B8E400A929F5 /* JKVCollections.m in Sources */,
				1F43229817FE2C94001293C1 /* main.m in Sources */,
				1F43229E17FE2CB4001293C1 /* JKVPerson.m in Sources */,
				1F4322A117FE2CBD001293C1 /* JKVValueSpec.mm in Sources */,
				1F4322A017FE2CBA001293C1 /* JKVMutableValueSpec.mm in Sources */,
				1F43229F17FE2CB6001293C1 /* JKVMutablePerson.m in Sources */,
			);
			runOnlyForDeploymentPostprocessing = 0;
		};
/* End PBXSourcesBuildPhase section */

/* Begin PBXVariantGroup section */
		1F2CCAB617FCE48E00A382AB /* InfoPlist.strings */ = {
			isa = PBXVariantGroup;
			children = (
				1F2CCAB717FCE48E00A382AB /* en */,
			);
			name = InfoPlist.strings;
			sourceTree = "<group>";
		};
/* End PBXVariantGroup section */

/* Begin XCBuildConfiguration section */
		1F2CCAA217FCE3D700A382AB /* Debug */ = {
			isa = XCBuildConfiguration;
			buildSettings = {
				ALWAYS_SEARCH_USER_PATHS = NO;
				ARCHS = "$(ARCHS_STANDARD_INCLUDING_64_BIT)";
				CLANG_CXX_LANGUAGE_STANDARD = "gnu++0x";
				CLANG_CXX_LIBRARY = "libc++";
				CLANG_ENABLE_MODULES = YES;
				CLANG_ENABLE_OBJC_ARC = YES;
				CLANG_WARN_BOOL_CONVERSION = YES;
				CLANG_WARN_CONSTANT_CONVERSION = YES;
				CLANG_WARN_DIRECT_OBJC_ISA_USAGE = YES_ERROR;
				CLANG_WARN_EMPTY_BODY = YES;
				CLANG_WARN_ENUM_CONVERSION = YES;
				CLANG_WARN_INT_CONVERSION = YES;
				CLANG_WARN_OBJC_ROOT_CLASS = YES_ERROR;
				CLANG_WARN__DUPLICATE_METHOD_MATCH = YES;
				COPY_PHASE_STRIP = NO;
				GCC_C_LANGUAGE_STANDARD = gnu99;
				GCC_DYNAMIC_NO_PIC = NO;
				GCC_OPTIMIZATION_LEVEL = 0;
				GCC_PREPROCESSOR_DEFINITIONS = (
					"DEBUG=1",
					"$(inherited)",
				);
				GCC_SYMBOLS_PRIVATE_EXTERN = NO;
				GCC_TREAT_WARNINGS_AS_ERRORS = YES;
				GCC_WARN_64_TO_32_BIT_CONVERSION = YES;
				GCC_WARN_ABOUT_RETURN_TYPE = YES_ERROR;
				GCC_WARN_UNDECLARED_SELECTOR = YES;
				GCC_WARN_UNINITIALIZED_AUTOS = YES;
				GCC_WARN_UNUSED_FUNCTION = YES;
				GCC_WARN_UNUSED_VARIABLE = YES;
				IPHONEOS_DEPLOYMENT_TARGET = 7.0;
				ONLY_ACTIVE_ARCH = YES;
				SDKROOT = iphoneos;
			};
			name = Debug;
		};
		1F2CCAA317FCE3D700A382AB /* Release */ = {
			isa = XCBuildConfiguration;
			buildSettings = {
				ALWAYS_SEARCH_USER_PATHS = NO;
				ARCHS = "$(ARCHS_STANDARD_INCLUDING_64_BIT)";
				CLANG_CXX_LANGUAGE_STANDARD = "gnu++0x";
				CLANG_CXX_LIBRARY = "libc++";
				CLANG_ENABLE_MODULES = YES;
				CLANG_ENABLE_OBJC_ARC = YES;
				CLANG_WARN_BOOL_CONVERSION = YES;
				CLANG_WARN_CONSTANT_CONVERSION = YES;
				CLANG_WARN_DIRECT_OBJC_ISA_USAGE = YES_ERROR;
				CLANG_WARN_EMPTY_BODY = YES;
				CLANG_WARN_ENUM_CONVERSION = YES;
				CLANG_WARN_INT_CONVERSION = YES;
				CLANG_WARN_OBJC_ROOT_CLASS = YES_ERROR;
				CLANG_WARN__DUPLICATE_METHOD_MATCH = YES;
				COPY_PHASE_STRIP = YES;
				ENABLE_NS_ASSERTIONS = NO;
				GCC_C_LANGUAGE_STANDARD = gnu99;
				GCC_TREAT_WARNINGS_AS_ERRORS = YES;
				GCC_WARN_64_TO_32_BIT_CONVERSION = YES;
				GCC_WARN_ABOUT_RETURN_TYPE = YES_ERROR;
				GCC_WARN_UNDECLARED_SELECTOR = YES;
				GCC_WARN_UNINITIALIZED_AUTOS = YES;
				GCC_WARN_UNUSED_FUNCTION = YES;
				GCC_WARN_UNUSED_VARIABLE = YES;
				IPHONEOS_DEPLOYMENT_TARGET = 7.0;
				SDKROOT = iphoneos;
				VALIDATE_PRODUCT = YES;
			};
			name = Release;
		};
		1F2CCAA517FCE3D700A382AB /* Debug */ = {
			isa = XCBuildConfiguration;
			buildSettings = {
				DSTROOT = /tmp/JKValue.dst;
				GCC_PRECOMPILE_PREFIX_HEADER = YES;
				GCC_PREFIX_HEADER = "JKVValue/JKVValue-Prefix.pch";
				OTHER_LDFLAGS = "-ObjC";
				PRODUCT_NAME = JKVValue;
				SKIP_INSTALL = YES;
			};
			name = Debug;
		};
		1F2CCAA617FCE3D700A382AB /* Release */ = {
			isa = XCBuildConfiguration;
			buildSettings = {
				DSTROOT = /tmp/JKValue.dst;
				GCC_PRECOMPILE_PREFIX_HEADER = YES;
				GCC_PREFIX_HEADER = "JKVValue/JKVValue-Prefix.pch";
				OTHER_LDFLAGS = "-ObjC";
				PRODUCT_NAME = JKVValue;
				SKIP_INSTALL = YES;
			};
			name = Release;
		};
		1F2CCAC217FCE48F00A382AB /* Debug */ = {
			isa = XCBuildConfiguration;
			buildSettings = {
				ARCHS = "$(ARCHS_STANDARD_INCLUDING_64_BIT)";
				"CODE_SIGN_IDENTITY[sdk=iphoneos*]" = "iPhone Developer";
				FRAMEWORK_SEARCH_PATHS = (
					"$(inherited)",
					"$(DEVELOPER_FRAMEWORKS_DIR)",
					"$(SRCROOT)/Specs/Frameworks",
				);
				GCC_PRECOMPILE_PREFIX_HEADER = YES;
				GCC_PREFIX_HEADER = "Specs/Specs-Prefix.pch";
				GCC_PREPROCESSOR_DEFINITIONS = (
					"DEBUG=1",
					"$(inherited)",
				);
				INFOPLIST_FILE = "Specs/Specs-Info.plist";
				OTHER_LDFLAGS = (
					"-ObjC",
					"-all_load",
					"-lstdc++",
				);
				PRODUCT_NAME = "$(TARGET_NAME)";
				WRAPPER_EXTENSION = app;
			};
			name = Debug;
		};
		1F2CCAC317FCE48F00A382AB /* Release */ = {
			isa = XCBuildConfiguration;
			buildSettings = {
				ARCHS = "$(ARCHS_STANDARD_INCLUDING_64_BIT)";
				"CODE_SIGN_IDENTITY[sdk=iphoneos*]" = "iPhone Developer";
				FRAMEWORK_SEARCH_PATHS = (
					"$(inherited)",
					"$(DEVELOPER_FRAMEWORKS_DIR)",
					"$(SRCROOT)/Specs/Frameworks",
				);
				GCC_PRECOMPILE_PREFIX_HEADER = YES;
				GCC_PREFIX_HEADER = "Specs/Specs-Prefix.pch";
				INFOPLIST_FILE = "Specs/Specs-Info.plist";
				OTHER_CFLAGS = "-DNS_BLOCK_ASSERTIONS=1";
				OTHER_LDFLAGS = (
					"-ObjC",
					"-all_load",
					"-lstdc++",
				);
				PRODUCT_NAME = "$(TARGET_NAME)";
				WRAPPER_EXTENSION = app;
			};
			name = Release;
		};
		1F43229B17FE2C94001293C1 /* Debug */ = {
			isa = XCBuildConfiguration;
			buildSettings = {
				FRAMEWORK_SEARCH_PATHS = (
					"$(inherited)",
					"$(SRCROOT)/OSXSpecs/Frameworks",
				);
				GCC_ENABLE_OBJC_EXCEPTIONS = YES;
				GCC_PRECOMPILE_PREFIX_HEADER = YES;
				GCC_PREFIX_HEADER = "OSXSpecs/OSXSpecs-Prefix.pch";
				GCC_PREPROCESSOR_DEFINITIONS = (
					"DEBUG=1",
					"$(inherited)",
				);
				MACOSX_DEPLOYMENT_TARGET = 10.8;
				PRODUCT_NAME = "$(TARGET_NAME)";
				SDKROOT = macosx;
			};
			name = Debug;
		};
		1F43229C17FE2C94001293C1 /* Release */ = {
			isa = XCBuildConfiguration;
			buildSettings = {
				DEBUG_INFORMATION_FORMAT = "dwarf-with-dsym";
				FRAMEWORK_SEARCH_PATHS = (
					"$(inherited)",
					"$(SRCROOT)/OSXSpecs/Frameworks",
				);
				GCC_ENABLE_OBJC_EXCEPTIONS = YES;
				GCC_PRECOMPILE_PREFIX_HEADER = YES;
				GCC_PREFIX_HEADER = "OSXSpecs/OSXSpecs-Prefix.pch";
				MACOSX_DEPLOYMENT_TARGET = 10.8;
				PRODUCT_NAME = "$(TARGET_NAME)";
				SDKROOT = macosx;
			};
			name = Release;
		};
/* End XCBuildConfiguration section */

/* Begin XCConfigurationList section */
		1F2CCA7C17FCE3D700A382AB /* Build configuration list for PBXProject "JKVValue" */ = {
			isa = XCConfigurationList;
			buildConfigurations = (
				1F2CCAA217FCE3D700A382AB /* Debug */,
				1F2CCAA317FCE3D700A382AB /* Release */,
			);
			defaultConfigurationIsVisible = 0;
			defaultConfigurationName = Release;
		};
		1F2CCAA417FCE3D700A382AB /* Build configuration list for PBXNativeTarget "JKVValue" */ = {
			isa = XCConfigurationList;
			buildConfigurations = (
				1F2CCAA517FCE3D700A382AB /* Debug */,
				1F2CCAA617FCE3D700A382AB /* Release */,
			);
			defaultConfigurationIsVisible = 0;
			defaultConfigurationName = Release;
		};
		1F2CCAC117FCE48F00A382AB /* Build configuration list for PBXNativeTarget "Specs" */ = {
			isa = XCConfigurationList;
			buildConfigurations = (
				1F2CCAC217FCE48F00A382AB /* Debug */,
				1F2CCAC317FCE48F00A382AB /* Release */,
			);
			defaultConfigurationIsVisible = 0;
			defaultConfigurationName = Release;
		};
		1F43229D17FE2C94001293C1 /* Build configuration list for PBXNativeTarget "OSXSpecs" */ = {
			isa = XCConfigurationList;
			buildConfigurations = (
				1F43229B17FE2C94001293C1 /* Debug */,
				1F43229C17FE2C94001293C1 /* Release */,
			);
			defaultConfigurationIsVisible = 0;
			defaultConfigurationName = Release;
		};
/* End XCConfigurationList section */
	};
	rootObject = 1F2CCA7917FCE3D700A382AB /* Project object */;
}
